
Microsoft Visual Studio Solution File, Format Version 12.00
# Visual Studio Version 16
VisualStudioVersion = 16.0.30002.166
MinimumVisualStudioVersion = 10.0.40219.1
Project("{FAE04EC0-301F-11D3-BF4B-00C04F79EFBC}") = "Insercao_funcionario", "Insercao_funcionario\Insercao_funcionario.csproj", "{59334EF0-8B04-4E07-BD0F-71E189BA5482}"
EndProject
Global
	GlobalSection(SolutionConfigurationPlatforms) = preSolution
		Debug|Any CPU = Debug|Any CPU
		Release|Any CPU = Release|Any CPU
	EndGlobalSection
	GlobalSection(ProjectConfigurationPlatforms) = postSolution
		{59334EF0-8B04-4E07-BD0F-71E189BA5482}.Debug|Any CPU.ActiveCfg = Debug|Any CPU
		{59334EF0-8B04-4E07-BD0F-71E189BA5482}.Debug|Any CPU.Build.0 = Debug|Any CPU
		{59334EF0-8B04-4E07-BD0F-71E189BA5482}.Release|Any CPU.ActiveCfg = Release|Any CPU
		{59334EF0-8B04-4E07-BD0F-71E189BA5482}.Release|Any CPU.Build.0 = Release|Any CPU
	EndGlobalSection
	GlobalSection(SolutionProperties) = preSolution
		HideSolutionNode = FALSE
	EndGlobalSection
	GlobalSection(ExtensibilityGlobals) = postSolution
		SolutionGuid = {A6F7703B-F578-44DA-97E0-3CAB7A79BE2F}
	EndGlobalSection
EndGlobal
